
Microsoft Visual Studio Solution File, Format Version 12.00
# Visual Studio Version 16
VisualStudioVersion = 16.0.30711.63
MinimumVisualStudioVersion = 10.0.40219.1
Project("{9A19103F-16F7-4668-BE54-9A1E7A4F7556}") = "Project", "InvertedIndex\Project.csproj", "{F8A185DB-5398-4905-8B17-16AA72A79CE1}"
EndProject
Project("{9A19103F-16F7-4668-BE54-9A1E7A4F7556}") = "InvertedIndex.Library", "InvertedIndex.Library\InvertedIndex.Library.csproj", "{5BCDA583-A5FD-47CD-971D-D6C901B41729}"
EndProject
Project("{9A19103F-16F7-4668-BE54-9A1E7A4F7556}") = "InvertedIndex.Library.Test", "InvertedIndex.Library.Test\InvertedIndex.Library.Test.csproj", "{3FDFF391-FB1B-42B1-A772-190E5A09AE6B}"
EndProject
Global
	GlobalSection(SolutionConfigurationPlatforms) = preSolution
		Debug|Any CPU = Debug|Any CPU
		Release|Any CPU = Release|Any CPU
	EndGlobalSection
	GlobalSection(ProjectConfigurationPlatforms) = postSolution
		{F8A185DB-5398-4905-8B17-16AA72A79CE1}.Debug|Any CPU.ActiveCfg = Debug|Any CPU
		{F8A185DB-5398-4905-8B17-16AA72A79CE1}.Debug|Any CPU.Build.0 = Debug|Any CPU
		{F8A185DB-5398-4905-8B17-16AA72A79CE1}.Release|Any CPU.ActiveCfg = Release|Any CPU
		{F8A185DB-5398-4905-8B17-16AA72A79CE1}.Release|Any CPU.Build.0 = Release|Any CPU
		{5BCDA583-A5FD-47CD-971D-D6C901B41729}.Debug|Any CPU.ActiveCfg = Debug|Any CPU
		{5BCDA583-A5FD-47CD-971D-D6C901B41729}.Debug|Any CPU.Build.0 = Debug|Any CPU
		{5BCDA583-A5FD-47CD-971D-D6C901B41729}.Release|Any CPU.ActiveCfg = Release|Any CPU
		{5BCDA583-A5FD-47CD-971D-D6C901B41729}.Release|Any CPU.Build.0 = Release|Any CPU
		{3FDFF391-FB1B-42B1-A772-190E5A09AE6B}.Debug|Any CPU.ActiveCfg = Debug|Any CPU
		{3FDFF391-FB1B-42B1-A772-190E5A09AE6B}.Debug|Any CPU.Build.0 = Debug|Any CPU
		{3FDFF391-FB1B-42B1-A772-190E5A09AE6B}.Release|Any CPU.ActiveCfg = Release|Any CPU
		{3FDFF391-FB1B-42B1-A772-190E5A09AE6B}.Release|Any CPU.Build.0 = Release|Any CPU
	EndGlobalSection
	GlobalSection(SolutionProperties) = preSolution
		HideSolutionNode = FALSE
	EndGlobalSection
	GlobalSection(ExtensibilityGlobals) = postSolution
		SolutionGuid = {FB435BC9-A110-4CF7-B391-1BE03D855545}
	EndGlobalSection
EndGlobal
